
Microsoft Visual Studio Solution File, Format Version 12.00
# Visual Studio Version 17
VisualStudioVersion = 17.3.32901.215
MinimumVisualStudioVersion = 10.0.40219.1
Project("{9A19103F-16F7-4668-BE54-9A1E7A4F7556}") = "DesafioPOO", "DesafioPOO.csproj", "{95261243-5178-4A43-BDB3-B8F50AB7D6CA}"
EndProject
Global
	GlobalSection(SolutionConfigurationPlatforms) = preSolution
		Debug|Any CPU = Debug|Any CPU
		Release|Any CPU = Release|Any CPU
	EndGlobalSection
	GlobalSection(ProjectConfigurationPlatforms) = postSolution
		{95261243-5178-4A43-BDB3-B8F50AB7D6CA}.Debug|Any CPU.ActiveCfg = Debug|Any CPU
		{95261243-5178-4A43-BDB3-B8F50AB7D6CA}.Debug|Any CPU.Build.0 = Debug|Any CPU
		{95261243-5178-4A43-BDB3-B8F50AB7D6CA}.Release|Any CPU.ActiveCfg = Release|Any CPU
		{95261243-5178-4A43-BDB3-B8F50AB7D6CA}.Release|Any CPU.Build.0 = Release|Any CPU
	EndGlobalSection
	GlobalSection(SolutionProperties) = preSolution
		HideSolutionNode = FALSE
	EndGlobalSection
	GlobalSection(ExtensibilityGlobals) = postSolution
		SolutionGuid = {AE208E7D-B3B5-40F8-AFB7-4927BEAAB8CB}
	EndGlobalSection
EndGlobal
